// !$*UTF8*$!
{
	archiveVersion = 1;
	classes = {
	};
	objectVersion = 56;
	objects = {

/* Begin PBXBuildFile section */
		5926C57E2A04086400FAB49D /* AppDelegate.swift in Sources */ = {isa = PBXBuildFile; fileRef = 5926C57D2A04086400FAB49D /* AppDelegate.swift */; };
		5926C5802A04086400FAB49D /* SceneDelegate.swift in Sources */ = {isa = PBXBuildFile; fileRef = 5926C57F2A04086400FAB49D /* SceneDelegate.swift */; };
		5926C5822A04086400FAB49D /* ViewController.swift in Sources */ = {isa = PBXBuildFile; fileRef = 5926C5812A04086400FAB49D /* ViewController.swift */; };
		5926C5852A04086400FAB49D /* Main.storyboard in Resources */ = {isa = PBXBuildFile; fileRef = 5926C5832A04086400FAB49D /* Main.storyboard */; };
		5926C5872A04086600FAB49D /* Assets.xcassets in Resources */ = {isa = PBXBuildFile; fileRef = 5926C5862A04086600FAB49D /* Assets.xcassets */; };
		5926C58A2A04086600FAB49D /* LaunchScreen.storyboard in Resources */ = {isa = PBXBuildFile; fileRef = 5926C5882A04086600FAB49D /* LaunchScreen.storyboard */; };
		5926C5922A0630E200FAB49D /* LogoAnimationVC.swift in Sources */ = {isa = PBXBuildFile; fileRef = 5926C5912A0630E200FAB49D /* LogoAnimationVC.swift */; };
		5926C5942A0630F700FAB49D /* MainRootVC.swift in Sources */ = {isa = PBXBuildFile; fileRef = 5926C5932A0630F700FAB49D /* MainRootVC.swift */; };
		5926C5962A06325700FAB49D /* CustomRootVC.swift in Sources */ = {isa = PBXBuildFile; fileRef = 5926C5952A06325700FAB49D /* CustomRootVC.swift */; };
		5926C5992A0632AB00FAB49D /* HomeVC.swift in Sources */ = {isa = PBXBuildFile; fileRef = 5926C5982A0632AB00FAB49D /* HomeVC.swift */; };
		5926C59B2A0632BC00FAB49D /* Home.storyboard in Resources */ = {isa = PBXBuildFile; fileRef = 5926C59A2A0632BC00FAB49D /* Home.storyboard */; };
		5926C59E2A06342B00FAB49D /* LoginVC.swift in Sources */ = {isa = PBXBuildFile; fileRef = 5926C59D2A06342B00FAB49D /* LoginVC.swift */; };
		5926C5A22A06364800FAB49D /* Common.swift in Sources */ = {isa = PBXBuildFile; fileRef = 5926C5A12A06364800FAB49D /* Common.swift */; };
		5926C5C02A06490900FAB49D /* GenSenMaruGothicTW-Heavy.ttf in Resources */ = {isa = PBXBuildFile; fileRef = 5926C5BF2A06490900FAB49D /* GenSenMaruGothicTW-Heavy.ttf */; };
		5926C5C32A065CCA00FAB49D /* SignLoginVC.swift in Sources */ = {isa = PBXBuildFile; fileRef = 5926C5C22A065CCA00FAB49D /* SignLoginVC.swift */; };
		59F6BE262A065D7800D7B3CB /* SignLogin.storyboard in Resources */ = {isa = PBXBuildFile; fileRef = 59F6BE252A065D7800D7B3CB /* SignLogin.storyboard */; };
		59F6BE282A06693100D7B3CB /* Login.storyboard in Resources */ = {isa = PBXBuildFile; fileRef = 59F6BE272A06693100D7B3CB /* Login.storyboard */; };
		59F6BE2A2A0762B100D7B3CB /* PasswordTextField.swift in Sources */ = {isa = PBXBuildFile; fileRef = 59F6BE292A0762B100D7B3CB /* PasswordTextField.swift */; };
		59F6BE2C2A07639A00D7B3CB /* Extension.swift in Sources */ = {isa = PBXBuildFile; fileRef = 59F6BE2B2A07639900D7B3CB /* Extension.swift */; };
		59F6BE2F2A078D9D00D7B3CB /* SignVC.swift in Sources */ = {isa = PBXBuildFile; fileRef = 59F6BE2E2A078D9D00D7B3CB /* SignVC.swift */; };
		59F6BE312A078DB300D7B3CB /* Sign.storyboard in Resources */ = {isa = PBXBuildFile; fileRef = 59F6BE302A078DB300D7B3CB /* Sign.storyboard */; };
		59F6BE372A07B56100D7B3CB /* GenSenMaruGothicTW-Light.ttf in Resources */ = {isa = PBXBuildFile; fileRef = 59F6BE322A07B55E00D7B3CB /* GenSenMaruGothicTW-Light.ttf */; };
		59F6BE382A07B56100D7B3CB /* GenSenMaruGothicTW-Regular.ttf in Resources */ = {isa = PBXBuildFile; fileRef = 59F6BE332A07B55F00D7B3CB /* GenSenMaruGothicTW-Regular.ttf */; };
		59F6BE392A07B56100D7B3CB /* GenSenMaruGothicTW-ExtraLight.ttf in Resources */ = {isa = PBXBuildFile; fileRef = 59F6BE342A07B55F00D7B3CB /* GenSenMaruGothicTW-ExtraLight.ttf */; };
		59F6BE3A2A07B56100D7B3CB /* GenSenMaruGothicTW-Medium.ttf in Resources */ = {isa = PBXBuildFile; fileRef = 59F6BE352A07B56000D7B3CB /* GenSenMaruGothicTW-Medium.ttf */; };
		59F6BE3B2A07B56100D7B3CB /* GenSenMaruGothicTW-Bold.ttf in Resources */ = {isa = PBXBuildFile; fileRef = 59F6BE362A07B56100D7B3CB /* GenSenMaruGothicTW-Bold.ttf */; };
		59F6BE3E2A07B82800D7B3CB /* VerificationCodeVC.swift in Sources */ = {isa = PBXBuildFile; fileRef = 59F6BE3D2A07B82800D7B3CB /* VerificationCodeVC.swift */; };
		59F6BE402A07B83700D7B3CB /* VerificationCode.storyboard in Resources */ = {isa = PBXBuildFile; fileRef = 59F6BE3F2A07B83700D7B3CB /* VerificationCode.storyboard */; };
		59F6BE422A07C00B00D7B3CB /* MainTabBarController.swift in Sources */ = {isa = PBXBuildFile; fileRef = 59F6BE412A07C00B00D7B3CB /* MainTabBarController.swift */; };
		59F6BE452A07D2B500D7B3CB /* ComfirmVC.swift in Sources */ = {isa = PBXBuildFile; fileRef = 59F6BE442A07D2B500D7B3CB /* ComfirmVC.swift */; };
		59F6BE472A07D2C300D7B3CB /* Comfirm.storyboard in Resources */ = {isa = PBXBuildFile; fileRef = 59F6BE462A07D2C300D7B3CB /* Comfirm.storyboard */; };
		E502D45E95B044E6B792CC77 /* Pods_RecycledChicken.framework in Frameworks */ = {isa = PBXBuildFile; fileRef = 35F9B53911A9C86170B05EB4 /* Pods_RecycledChicken.framework */; };
/* End PBXBuildFile section */

/* Begin PBXFileReference section */
		0C3C0FDA2921D8D50A7579CE /* Pods-RecycledChicken.release.xcconfig */ = {isa = PBXFileReference; includeInIndex = 1; lastKnownFileType = text.xcconfig; name = "Pods-RecycledChicken.release.xcconfig"; path = "Target Support Files/Pods-RecycledChicken/Pods-RecycledChicken.release.xcconfig"; sourceTree = "<group>"; };
		274FC69F1CE940E8D9DA9668 /* Pods-RecycledChicken.debug.xcconfig */ = {isa = PBXFileReference; includeInIndex = 1; lastKnownFileType = text.xcconfig; name = "Pods-RecycledChicken.debug.xcconfig"; path = "Target Support Files/Pods-RecycledChicken/Pods-RecycledChicken.debug.xcconfig"; sourceTree = "<group>"; };
		35F9B53911A9C86170B05EB4 /* Pods_RecycledChicken.framework */ = {isa = PBXFileReference; explicitFileType = wrapper.framework; includeInIndex = 0; path = Pods_RecycledChicken.framework; sourceTree = BUILT_PRODUCTS_DIR; };
		5926C57A2A04086400FAB49D /* RecycledChicken.app */ = {isa = PBXFileReference; explicitFileType = wrapper.application; includeInIndex = 0; path = RecycledChicken.app; sourceTree = BUILT_PRODUCTS_DIR; };
		5926C57D2A04086400FAB49D /* AppDelegate.swift */ = {isa = PBXFileReference; lastKnownFileType = sourcecode.swift; path = AppDelegate.swift; sourceTree = "<group>"; };
		5926C57F2A04086400FAB49D /* SceneDelegate.swift */ = {isa = PBXFileReference; lastKnownFileType = sourcecode.swift; path = SceneDelegate.swift; sourceTree = "<group>"; };
		5926C5812A04086400FAB49D /* ViewController.swift */ = {isa = PBXFileReference; lastKnownFileType = sourcecode.swift; path = ViewController.swift; sourceTree = "<group>"; };
		5926C5842A04086400FAB49D /* Base */ = {isa = PBXFileReference; lastKnownFileType = file.storyboard; name = Base; path = Base.lproj/Main.storyboard; sourceTree = "<group>"; };
		5926C5862A04086600FAB49D /* Assets.xcassets */ = {isa = PBXFileReference; lastKnownFileType = folder.assetcatalog; path = Assets.xcassets; sourceTree = "<group>"; };
		5926C5892A04086600FAB49D /* Base */ = {isa = PBXFileReference; lastKnownFileType = file.storyboard; name = Base; path = Base.lproj/LaunchScreen.storyboard; sourceTree = "<group>"; };
		5926C58B2A04086600FAB49D /* Info.plist */ = {isa = PBXFileReference; lastKnownFileType = text.plist.xml; path = Info.plist; sourceTree = "<group>"; };
		5926C5912A0630E200FAB49D /* LogoAnimationVC.swift */ = {isa = PBXFileReference; lastKnownFileType = sourcecode.swift; path = LogoAnimationVC.swift; sourceTree = "<group>"; };
		5926C5932A0630F700FAB49D /* MainRootVC.swift */ = {isa = PBXFileReference; lastKnownFileType = sourcecode.swift; path = MainRootVC.swift; sourceTree = "<group>"; };
		5926C5952A06325700FAB49D /* CustomRootVC.swift */ = {isa = PBXFileReference; lastKnownFileType = sourcecode.swift; path = CustomRootVC.swift; sourceTree = "<group>"; };
		5926C5982A0632AB00FAB49D /* HomeVC.swift */ = {isa = PBXFileReference; lastKnownFileType = sourcecode.swift; path = HomeVC.swift; sourceTree = "<group>"; };
		5926C59A2A0632BC00FAB49D /* Home.storyboard */ = {isa = PBXFileReference; lastKnownFileType = file.storyboard; path = Home.storyboard; sourceTree = "<group>"; };
		5926C59D2A06342B00FAB49D /* LoginVC.swift */ = {isa = PBXFileReference; lastKnownFileType = sourcecode.swift; path = LoginVC.swift; sourceTree = "<group>"; };
		5926C5A12A06364800FAB49D /* Common.swift */ = {isa = PBXFileReference; lastKnownFileType = sourcecode.swift; path = Common.swift; sourceTree = "<group>"; };
		5926C5BF2A06490900FAB49D /* GenSenMaruGothicTW-Heavy.ttf */ = {isa = PBXFileReference; lastKnownFileType = file; path = "GenSenMaruGothicTW-Heavy.ttf"; sourceTree = "<group>"; };
		5926C5C22A065CCA00FAB49D /* SignLoginVC.swift */ = {isa = PBXFileReference; lastKnownFileType = sourcecode.swift; path = SignLoginVC.swift; sourceTree = "<group>"; };
		59F6BE252A065D7800D7B3CB /* SignLogin.storyboard */ = {isa = PBXFileReference; lastKnownFileType = file.storyboard; path = SignLogin.storyboard; sourceTree = "<group>"; };
		59F6BE272A06693100D7B3CB /* Login.storyboard */ = {isa = PBXFileReference; lastKnownFileType = file.storyboard; path = Login.storyboard; sourceTree = "<group>"; };
		59F6BE292A0762B100D7B3CB /* PasswordTextField.swift */ = {isa = PBXFileReference; lastKnownFileType = sourcecode.swift; path = PasswordTextField.swift; sourceTree = "<group>"; };
		59F6BE2B2A07639900D7B3CB /* Extension.swift */ = {isa = PBXFileReference; fileEncoding = 4; lastKnownFileType = sourcecode.swift; path = Extension.swift; sourceTree = "<group>"; };
		59F6BE2E2A078D9D00D7B3CB /* SignVC.swift */ = {isa = PBXFileReference; lastKnownFileType = sourcecode.swift; path = SignVC.swift; sourceTree = "<group>"; };
		59F6BE302A078DB300D7B3CB /* Sign.storyboard */ = {isa = PBXFileReference; lastKnownFileType = file.storyboard; path = Sign.storyboard; sourceTree = "<group>"; };
		59F6BE322A07B55E00D7B3CB /* GenSenMaruGothicTW-Light.ttf */ = {isa = PBXFileReference; lastKnownFileType = file; path = "GenSenMaruGothicTW-Light.ttf"; sourceTree = "<group>"; };
		59F6BE332A07B55F00D7B3CB /* GenSenMaruGothicTW-Regular.ttf */ = {isa = PBXFileReference; lastKnownFileType = file; path = "GenSenMaruGothicTW-Regular.ttf"; sourceTree = "<group>"; };
		59F6BE342A07B55F00D7B3CB /* GenSenMaruGothicTW-ExtraLight.ttf */ = {isa = PBXFileReference; lastKnownFileType = file; path = "GenSenMaruGothicTW-ExtraLight.ttf"; sourceTree = "<group>"; };
		59F6BE352A07B56000D7B3CB /* GenSenMaruGothicTW-Medium.ttf */ = {isa = PBXFileReference; lastKnownFileType = file; path = "GenSenMaruGothicTW-Medium.ttf"; sourceTree = "<group>"; };
		59F6BE362A07B56100D7B3CB /* GenSenMaruGothicTW-Bold.ttf */ = {isa = PBXFileReference; lastKnownFileType = file; path = "GenSenMaruGothicTW-Bold.ttf"; sourceTree = "<group>"; };
		59F6BE3D2A07B82800D7B3CB /* VerificationCodeVC.swift */ = {isa = PBXFileReference; lastKnownFileType = sourcecode.swift; path = VerificationCodeVC.swift; sourceTree = "<group>"; };
		59F6BE3F2A07B83700D7B3CB /* VerificationCode.storyboard */ = {isa = PBXFileReference; lastKnownFileType = file.storyboard; path = VerificationCode.storyboard; sourceTree = "<group>"; };
		59F6BE412A07C00B00D7B3CB /* MainTabBarController.swift */ = {isa = PBXFileReference; lastKnownFileType = sourcecode.swift; path = MainTabBarController.swift; sourceTree = "<group>"; };
		59F6BE442A07D2B500D7B3CB /* ComfirmVC.swift */ = {isa = PBXFileReference; lastKnownFileType = sourcecode.swift; path = ComfirmVC.swift; sourceTree = "<group>"; };
		59F6BE462A07D2C300D7B3CB /* Comfirm.storyboard */ = {isa = PBXFileReference; lastKnownFileType = file.storyboard; path = Comfirm.storyboard; sourceTree = "<group>"; };
/* End PBXFileReference section */

/* Begin PBXFrameworksBuildPhase section */
		5926C5772A04086400FAB49D /* Frameworks */ = {
			isa = PBXFrameworksBuildPhase;
			buildActionMask = 2147483647;
			files = (
				E502D45E95B044E6B792CC77 /* Pods_RecycledChicken.framework in Frameworks */,
			);
			runOnlyForDeploymentPostprocessing = 0;
		};
/* End PBXFrameworksBuildPhase section */

/* Begin PBXGroup section */
		1BFBEAAC89F55B7215D2C4A1 /* Pods */ = {
			isa = PBXGroup;
			children = (
				274FC69F1CE940E8D9DA9668 /* Pods-RecycledChicken.debug.xcconfig */,
				0C3C0FDA2921D8D50A7579CE /* Pods-RecycledChicken.release.xcconfig */,
			);
			path = Pods;
			sourceTree = "<group>";
		};
		5926C5712A04086400FAB49D = {
			isa = PBXGroup;
			children = (
				5926C57C2A04086400FAB49D /* RecycledChicken */,
				5926C57B2A04086400FAB49D /* Products */,
				1BFBEAAC89F55B7215D2C4A1 /* Pods */,
				9F41385B2A51C65BC5A0521C /* Frameworks */,
			);
			sourceTree = "<group>";
		};
		5926C57B2A04086400FAB49D /* Products */ = {
			isa = PBXGroup;
			children = (
				5926C57A2A04086400FAB49D /* RecycledChicken.app */,
			);
			name = Products;
			sourceTree = "<group>";
		};
		5926C57C2A04086400FAB49D /* RecycledChicken */ = {
			isa = PBXGroup;
			children = (
				5926C57D2A04086400FAB49D /* AppDelegate.swift */,
				5926C57F2A04086400FAB49D /* SceneDelegate.swift */,
				5926C5812A04086400FAB49D /* ViewController.swift */,
				5926C5912A0630E200FAB49D /* LogoAnimationVC.swift */,
				59F6BE432A07D28600D7B3CB /* Comfirm */,
				59F6BE3C2A07B80900D7B3CB /* VerificationCode */,
				59F6BE2D2A078D7100D7B3CB /* Sign */,
				5926C59C2A06340F00FAB49D /* Login */,
				5926C5C12A065C9D00FAB49D /* SignLogin */,
				5926C5972A06329300FAB49D /* Home */,
				5926C5832A04086400FAB49D /* Main.storyboard */,
				5926C5932A0630F700FAB49D /* MainRootVC.swift */,
				59F6BE412A07C00B00D7B3CB /* MainTabBarController.swift */,
				5926C5A12A06364800FAB49D /* Common.swift */,
				59F6BE292A0762B100D7B3CB /* PasswordTextField.swift */,
				5926C5952A06325700FAB49D /* CustomRootVC.swift */,
				5926C5862A04086600FAB49D /* Assets.xcassets */,
				5926C5882A04086600FAB49D /* LaunchScreen.storyboard */,
				59F6BE2B2A07639900D7B3CB /* Extension.swift */,
				59F6BE362A07B56100D7B3CB /* GenSenMaruGothicTW-Bold.ttf */,
				59F6BE342A07B55F00D7B3CB /* GenSenMaruGothicTW-ExtraLight.ttf */,
				59F6BE322A07B55E00D7B3CB /* GenSenMaruGothicTW-Light.ttf */,
				59F6BE352A07B56000D7B3CB /* GenSenMaruGothicTW-Medium.ttf */,
				59F6BE332A07B55F00D7B3CB /* GenSenMaruGothicTW-Regular.ttf */,
				5926C5BF2A06490900FAB49D /* GenSenMaruGothicTW-Heavy.ttf */,
				5926C58B2A04086600FAB49D /* Info.plist */,
			);
			path = RecycledChicken;
			sourceTree = "<group>";
		};
		5926C5972A06329300FAB49D /* Home */ = {
			isa = PBXGroup;
			children = (
				5926C5982A0632AB00FAB49D /* HomeVC.swift */,
				5926C59A2A0632BC00FAB49D /* Home.storyboard */,
			);
			path = Home;
			sourceTree = "<group>";
		};
		5926C59C2A06340F00FAB49D /* Login */ = {
			isa = PBXGroup;
			children = (
				5926C59D2A06342B00FAB49D /* LoginVC.swift */,
				59F6BE272A06693100D7B3CB /* Login.storyboard */,
			);
			path = Login;
			sourceTree = "<group>";
		};
		5926C5C12A065C9D00FAB49D /* SignLogin */ = {
			isa = PBXGroup;
			children = (
				5926C5C22A065CCA00FAB49D /* SignLoginVC.swift */,
				59F6BE252A065D7800D7B3CB /* SignLogin.storyboard */,
			);
			path = SignLogin;
			sourceTree = "<group>";
		};
		59F6BE2D2A078D7100D7B3CB /* Sign */ = {
			isa = PBXGroup;
			children = (
				59F6BE2E2A078D9D00D7B3CB /* SignVC.swift */,
				59F6BE302A078DB300D7B3CB /* Sign.storyboard */,
			);
			path = Sign;
			sourceTree = "<group>";
		};
		59F6BE3C2A07B80900D7B3CB /* VerificationCode */ = {
			isa = PBXGroup;
			children = (
				59F6BE3D2A07B82800D7B3CB /* VerificationCodeVC.swift */,
				59F6BE3F2A07B83700D7B3CB /* VerificationCode.storyboard */,
			);
			path = VerificationCode;
			sourceTree = "<group>";
		};
		59F6BE432A07D28600D7B3CB /* Comfirm */ = {
			isa = PBXGroup;
			children = (
				59F6BE442A07D2B500D7B3CB /* ComfirmVC.swift */,
				59F6BE462A07D2C300D7B3CB /* Comfirm.storyboard */,
			);
			path = Comfirm;
			sourceTree = "<group>";
		};
		9F41385B2A51C65BC5A0521C /* Frameworks */ = {
			isa = PBXGroup;
			children = (
				35F9B53911A9C86170B05EB4 /* Pods_RecycledChicken.framework */,
			);
			name = Frameworks;
			sourceTree = "<group>";
		};
/* End PBXGroup section */

/* Begin PBXNativeTarget section */
		5926C5792A04086400FAB49D /* RecycledChicken */ = {
			isa = PBXNativeTarget;
			buildConfigurationList = 5926C58E2A04086600FAB49D /* Build configuration list for PBXNativeTarget "RecycledChicken" */;
			buildPhases = (
				150D13E15E34A350EA6794DF /* [CP] Check Pods Manifest.lock */,
				5926C5762A04086400FAB49D /* Sources */,
				5926C5772A04086400FAB49D /* Frameworks */,
				5926C5782A04086400FAB49D /* Resources */,
				9943BC2BCFA823E14FF2A8D7 /* [CP] Embed Pods Frameworks */,
			);
			buildRules = (
			);
			dependencies = (
			);
			name = RecycledChicken;
			productName = RecycledChicken;
			productReference = 5926C57A2A04086400FAB49D /* RecycledChicken.app */;
			productType = "com.apple.product-type.application";
		};
/* End PBXNativeTarget section */

/* Begin PBXProject section */
		5926C5722A04086400FAB49D /* Project object */ = {
			isa = PBXProject;
			attributes = {
				BuildIndependentTargetsInParallel = 1;
				LastSwiftUpdateCheck = 1420;
				LastUpgradeCheck = 1420;
				TargetAttributes = {
					5926C5792A04086400FAB49D = {
						CreatedOnToolsVersion = 14.2;
					};
				};
			};
			buildConfigurationList = 5926C5752A04086400FAB49D /* Build configuration list for PBXProject "RecycledChicken" */;
			compatibilityVersion = "Xcode 14.0";
			developmentRegion = en;
			hasScannedForEncodings = 0;
			knownRegions = (
				en,
				Base,
			);
			mainGroup = 5926C5712A04086400FAB49D;
			productRefGroup = 5926C57B2A04086400FAB49D /* Products */;
			projectDirPath = "";
			projectRoot = "";
			targets = (
				5926C5792A04086400FAB49D /* RecycledChicken */,
			);
		};
/* End PBXProject section */

/* Begin PBXResourcesBuildPhase section */
		5926C5782A04086400FAB49D /* Resources */ = {
			isa = PBXResourcesBuildPhase;
			buildActionMask = 2147483647;
			files = (
				59F6BE402A07B83700D7B3CB /* VerificationCode.storyboard in Resources */,
				5926C5C02A06490900FAB49D /* GenSenMaruGothicTW-Heavy.ttf in Resources */,
				59F6BE382A07B56100D7B3CB /* GenSenMaruGothicTW-Regular.ttf in Resources */,
				59F6BE392A07B56100D7B3CB /* GenSenMaruGothicTW-ExtraLight.ttf in Resources */,
				59F6BE372A07B56100D7B3CB /* GenSenMaruGothicTW-Light.ttf in Resources */,
				59F6BE262A065D7800D7B3CB /* SignLogin.storyboard in Resources */,
				59F6BE282A06693100D7B3CB /* Login.storyboard in Resources */,
				59F6BE472A07D2C300D7B3CB /* Comfirm.storyboard in Resources */,
				5926C58A2A04086600FAB49D /* LaunchScreen.storyboard in Resources */,
				59F6BE3B2A07B56100D7B3CB /* GenSenMaruGothicTW-Bold.ttf in Resources */,
				5926C5872A04086600FAB49D /* Assets.xcassets in Resources */,
				5926C5852A04086400FAB49D /* Main.storyboard in Resources */,
				59F6BE3A2A07B56100D7B3CB /* GenSenMaruGothicTW-Medium.ttf in Resources */,
				5926C59B2A0632BC00FAB49D /* Home.storyboard in Resources */,
				59F6BE312A078DB300D7B3CB /* Sign.storyboard in Resources */,
			);
			runOnlyForDeploymentPostprocessing = 0;
		};
/* End PBXResourcesBuildPhase section */

/* Begin PBXShellScriptBuildPhase section */
		150D13E15E34A350EA6794DF /* [CP] Check Pods Manifest.lock */ = {
			isa = PBXShellScriptBuildPhase;
			buildActionMask = 2147483647;
			files = (
			);
			inputFileListPaths = (
			);
			inputPaths = (
				"${PODS_PODFILE_DIR_PATH}/Podfile.lock",
				"${PODS_ROOT}/Manifest.lock",
			);
			name = "[CP] Check Pods Manifest.lock";
			outputFileListPaths = (
			);
			outputPaths = (
				"$(DERIVED_FILE_DIR)/Pods-RecycledChicken-checkManifestLockResult.txt",
			);
			runOnlyForDeploymentPostprocessing = 0;
			shellPath = /bin/sh;
			shellScript = "diff \"${PODS_PODFILE_DIR_PATH}/Podfile.lock\" \"${PODS_ROOT}/Manifest.lock\" > /dev/null\nif [ $? != 0 ] ; then\n    # print error to STDERR\n    echo \"error: The sandbox is not in sync with the Podfile.lock. Run 'pod install' or update your CocoaPods installation.\" >&2\n    exit 1\nfi\n# This output is used by Xcode 'outputs' to avoid re-running this script phase.\necho \"SUCCESS\" > \"${SCRIPT_OUTPUT_FILE_0}\"\n";
			showEnvVarsInLog = 0;
		};
		9943BC2BCFA823E14FF2A8D7 /* [CP] Embed Pods Frameworks */ = {
			isa = PBXShellScriptBuildPhase;
			buildActionMask = 2147483647;
			files = (
			);
			inputFileListPaths = (
				"${PODS_ROOT}/Target Support Files/Pods-RecycledChicken/Pods-RecycledChicken-frameworks-${CONFIGURATION}-input-files.xcfilelist",
			);
			name = "[CP] Embed Pods Frameworks";
			outputFileListPaths = (
				"${PODS_ROOT}/Target Support Files/Pods-RecycledChicken/Pods-RecycledChicken-frameworks-${CONFIGURATION}-output-files.xcfilelist",
			);
			runOnlyForDeploymentPostprocessing = 0;
			shellPath = /bin/sh;
			shellScript = "\"${PODS_ROOT}/Target Support Files/Pods-RecycledChicken/Pods-RecycledChicken-frameworks.sh\"\n";
			showEnvVarsInLog = 0;
		};
/* End PBXShellScriptBuildPhase section */

/* Begin PBXSourcesBuildPhase section */
		5926C5762A04086400FAB49D /* Sources */ = {
			isa = PBXSourcesBuildPhase;
			buildActionMask = 2147483647;
			files = (
				59F6BE452A07D2B500D7B3CB /* ComfirmVC.swift in Sources */,
				5926C5942A0630F700FAB49D /* MainRootVC.swift in Sources */,
				5926C5992A0632AB00FAB49D /* HomeVC.swift in Sources */,
				59F6BE422A07C00B00D7B3CB /* MainTabBarController.swift in Sources */,
				59F6BE3E2A07B82800D7B3CB /* VerificationCodeVC.swift in Sources */,
				5926C59E2A06342B00FAB49D /* LoginVC.swift in Sources */,
				59F6BE2C2A07639A00D7B3CB /* Extension.swift in Sources */,
				5926C5C32A065CCA00FAB49D /* SignLoginVC.swift in Sources */,
				5926C5822A04086400FAB49D /* ViewController.swift in Sources */,
				5926C5A22A06364800FAB49D /* Common.swift in Sources */,
				5926C57E2A04086400FAB49D /* AppDelegate.swift in Sources */,
				59F6BE2F2A078D9D00D7B3CB /* SignVC.swift in Sources */,
				5926C5922A0630E200FAB49D /* LogoAnimationVC.swift in Sources */,
				5926C5802A04086400FAB49D /* SceneDelegate.swift in Sources */,
				59F6BE2A2A0762B100D7B3CB /* PasswordTextField.swift in Sources */,
				5926C5962A06325700FAB49D /* CustomRootVC.swift in Sources */,
			);
			runOnlyForDeploymentPostprocessing = 0;
		};
/* End PBXSourcesBuildPhase section */

/* Begin PBXVariantGroup section */
		5926C5832A04086400FAB49D /* Main.storyboard */ = {
			isa = PBXVariantGroup;
			children = (
				5926C5842A04086400FAB49D /* Base */,
			);
			name = Main.storyboard;
			sourceTree = "<group>";
		};
		5926C5882A04086600FAB49D /* LaunchScreen.storyboard */ = {
			isa = PBXVariantGroup;
			children = (
				5926C5892A04086600FAB49D /* Base */,
			);
			name = LaunchScreen.storyboard;
			sourceTree = "<group>";
		};
/* End PBXVariantGroup section */

/* Begin XCBuildConfiguration section */
		5926C58C2A04086600FAB49D /* Debug */ = {
			isa = XCBuildConfiguration;
			buildSettings = {
				ALWAYS_SEARCH_USER_PATHS = NO;
				CLANG_ANALYZER_NONNULL = YES;
				CLANG_ANALYZER_NUMBER_OBJECT_CONVERSION = YES_AGGRESSIVE;
				CLANG_CXX_LANGUAGE_STANDARD = "gnu++20";
				CLANG_ENABLE_MODULES = YES;
				CLANG_ENABLE_OBJC_ARC = YES;
				CLANG_ENABLE_OBJC_WEAK = YES;
				CLANG_WARN_BLOCK_CAPTURE_AUTORELEASING = YES;
				CLANG_WARN_BOOL_CONVERSION = YES;
				CLANG_WARN_COMMA = YES;
				CLANG_WARN_CONSTANT_CONVERSION = YES;
				CLANG_WARN_DEPRECATED_OBJC_IMPLEMENTATIONS = YES;
				CLANG_WARN_DIRECT_OBJC_ISA_USAGE = YES_ERROR;
				CLANG_WARN_DOCUMENTATION_COMMENTS = YES;
				CLANG_WARN_EMPTY_BODY = YES;
				CLANG_WARN_ENUM_CONVERSION = YES;
				CLANG_WARN_INFINITE_RECURSION = YES;
				CLANG_WARN_INT_CONVERSION = YES;
				CLANG_WARN_NON_LITERAL_NULL_CONVERSION = YES;
				CLANG_WARN_OBJC_IMPLICIT_RETAIN_SELF = YES;
				CLANG_WARN_OBJC_LITERAL_CONVERSION = YES;
				CLANG_WARN_OBJC_ROOT_CLASS = YES_ERROR;
				CLANG_WARN_QUOTED_INCLUDE_IN_FRAMEWORK_HEADER = YES;
				CLANG_WARN_RANGE_LOOP_ANALYSIS = YES;
				CLANG_WARN_STRICT_PROTOTYPES = YES;
				CLANG_WARN_SUSPICIOUS_MOVE = YES;
				CLANG_WARN_UNGUARDED_AVAILABILITY = YES_AGGRESSIVE;
				CLANG_WARN_UNREACHABLE_CODE = YES;
				CLANG_WARN__DUPLICATE_METHOD_MATCH = YES;
				COPY_PHASE_STRIP = NO;
				DEBUG_INFORMATION_FORMAT = dwarf;
				ENABLE_STRICT_OBJC_MSGSEND = YES;
				ENABLE_TESTABILITY = YES;
				GCC_C_LANGUAGE_STANDARD = gnu11;
				GCC_DYNAMIC_NO_PIC = NO;
				GCC_NO_COMMON_BLOCKS = YES;
				GCC_OPTIMIZATION_LEVEL = 0;
				GCC_PREPROCESSOR_DEFINITIONS = (
					"DEBUG=1",
					"$(inherited)",
				);
				GCC_WARN_64_TO_32_BIT_CONVERSION = YES;
				GCC_WARN_ABOUT_RETURN_TYPE = YES_ERROR;
				GCC_WARN_UNDECLARED_SELECTOR = YES;
				GCC_WARN_UNINITIALIZED_AUTOS = YES_AGGRESSIVE;
				GCC_WARN_UNUSED_FUNCTION = YES;
				GCC_WARN_UNUSED_VARIABLE = YES;
				IPHONEOS_DEPLOYMENT_TARGET = 14.0;
				MTL_ENABLE_DEBUG_INFO = INCLUDE_SOURCE;
				MTL_FAST_MATH = YES;
				ONLY_ACTIVE_ARCH = YES;
				SDKROOT = iphoneos;
				SWIFT_ACTIVE_COMPILATION_CONDITIONS = DEBUG;
				SWIFT_OPTIMIZATION_LEVEL = "-Onone";
			};
			name = Debug;
		};
		5926C58D2A04086600FAB49D /* Release */ = {
			isa = XCBuildConfiguration;
			buildSettings = {
				ALWAYS_SEARCH_USER_PATHS = NO;
				CLANG_ANALYZER_NONNULL = YES;
				CLANG_ANALYZER_NUMBER_OBJECT_CONVERSION = YES_AGGRESSIVE;
				CLANG_CXX_LANGUAGE_STANDARD = "gnu++20";
				CLANG_ENABLE_MODULES = YES;
				CLANG_ENABLE_OBJC_ARC = YES;
				CLANG_ENABLE_OBJC_WEAK = YES;
				CLANG_WARN_BLOCK_CAPTURE_AUTORELEASING = YES;
				CLANG_WARN_BOOL_CONVERSION = YES;
				CLANG_WARN_COMMA = YES;
				CLANG_WARN_CONSTANT_CONVERSION = YES;
				CLANG_WARN_DEPRECATED_OBJC_IMPLEMENTATIONS = YES;
				CLANG_WARN_DIRECT_OBJC_ISA_USAGE = YES_ERROR;
				CLANG_WARN_DOCUMENTATION_COMMENTS = YES;
				CLANG_WARN_EMPTY_BODY = YES;
				CLANG_WARN_ENUM_CONVERSION = YES;
				CLANG_WARN_INFINITE_RECURSION = YES;
				CLANG_WARN_INT_CONVERSION = YES;
				CLANG_WARN_NON_LITERAL_NULL_CONVERSION = YES;
				CLANG_WARN_OBJC_IMPLICIT_RETAIN_SELF = YES;
				CLANG_WARN_OBJC_LITERAL_CONVERSION = YES;
				CLANG_WARN_OBJC_ROOT_CLASS = YES_ERROR;
				CLANG_WARN_QUOTED_INCLUDE_IN_FRAMEWORK_HEADER = YES;
				CLANG_WARN_RANGE_LOOP_ANALYSIS = YES;
				CLANG_WARN_STRICT_PROTOTYPES = YES;
				CLANG_WARN_SUSPICIOUS_MOVE = YES;
				CLANG_WARN_UNGUARDED_AVAILABILITY = YES_AGGRESSIVE;
				CLANG_WARN_UNREACHABLE_CODE = YES;
				CLANG_WARN__DUPLICATE_METHOD_MATCH = YES;
				COPY_PHASE_STRIP = NO;
				DEBUG_INFORMATION_FORMAT = "dwarf-with-dsym";
				ENABLE_NS_ASSERTIONS = NO;
				ENABLE_STRICT_OBJC_MSGSEND = YES;
				GCC_C_LANGUAGE_STANDARD = gnu11;
				GCC_NO_COMMON_BLOCKS = YES;
				GCC_WARN_64_TO_32_BIT_CONVERSION = YES;
				GCC_WARN_ABOUT_RETURN_TYPE = YES_ERROR;
				GCC_WARN_UNDECLARED_SELECTOR = YES;
				GCC_WARN_UNINITIALIZED_AUTOS = YES_AGGRESSIVE;
				GCC_WARN_UNUSED_FUNCTION = YES;
				GCC_WARN_UNUSED_VARIABLE = YES;
				IPHONEOS_DEPLOYMENT_TARGET = 14.0;
				MTL_ENABLE_DEBUG_INFO = NO;
				MTL_FAST_MATH = YES;
				SDKROOT = iphoneos;
				SWIFT_COMPILATION_MODE = wholemodule;
				SWIFT_OPTIMIZATION_LEVEL = "-O";
				VALIDATE_PRODUCT = YES;
			};
			name = Release;
		};
		5926C58F2A04086600FAB49D /* Debug */ = {
			isa = XCBuildConfiguration;
			baseConfigurationReference = 274FC69F1CE940E8D9DA9668 /* Pods-RecycledChicken.debug.xcconfig */;
			buildSettings = {
				ASSETCATALOG_COMPILER_APPICON_NAME = AppIcon;
				ASSETCATALOG_COMPILER_GLOBAL_ACCENT_COLOR_NAME = AccentColor;
				CODE_SIGN_STYLE = Automatic;
				CURRENT_PROJECT_VERSION = 1;
				DEVELOPMENT_TEAM = 884W23P95V;
				GENERATE_INFOPLIST_FILE = YES;
				INFOPLIST_FILE = RecycledChicken/Info.plist;
				INFOPLIST_KEY_CFBundleDisplayName = "碳竹雞";
				INFOPLIST_KEY_UIApplicationSupportsIndirectInputEvents = YES;
				INFOPLIST_KEY_UILaunchStoryboardName = LaunchScreen;
				INFOPLIST_KEY_UIMainStoryboardFile = Main;
				INFOPLIST_KEY_UISupportedInterfaceOrientations = UIInterfaceOrientationPortrait;
				INFOPLIST_KEY_UISupportedInterfaceOrientations_iPad = "UIInterfaceOrientationLandscapeLeft UIInterfaceOrientationLandscapeRight UIInterfaceOrientationPortrait UIInterfaceOrientationPortraitUpsideDown";
				IPHONEOS_DEPLOYMENT_TARGET = 14.0;
				LD_RUNPATH_SEARCH_PATHS = (
					"$(inherited)",
					"@executable_path/Frameworks",
				);
				MARKETING_VERSION = 1.0;
				PRODUCT_BUNDLE_IDENTIFIER = Claud.RecycledChicken;
				PRODUCT_NAME = "$(TARGET_NAME)";
				SUPPORTED_PLATFORMS = "iphoneos iphonesimulator";
				SUPPORTS_MACCATALYST = NO;
				SUPPORTS_MAC_DESIGNED_FOR_IPHONE_IPAD = NO;
				SWIFT_EMIT_LOC_STRINGS = YES;
				SWIFT_VERSION = 5.0;
				TARGETED_DEVICE_FAMILY = 1;
			};
			name = Debug;
		};
		5926C5902A04086600FAB49D /* Release */ = {
			isa = XCBuildConfiguration;
			baseConfigurationReference = 0C3C0FDA2921D8D50A7579CE /* Pods-RecycledChicken.release.xcconfig */;
			buildSettings = {
				ASSETCATALOG_COMPILER_APPICON_NAME = AppIcon;
				ASSETCATALOG_COMPILER_GLOBAL_ACCENT_COLOR_NAME = AccentColor;
				CODE_SIGN_STYLE = Automatic;
				CURRENT_PROJECT_VERSION = 1;
				DEVELOPMENT_TEAM = 884W23P95V;
				GENERATE_INFOPLIST_FILE = YES;
				INFOPLIST_FILE = RecycledChicken/Info.plist;
				INFOPLIST_KEY_CFBundleDisplayName = "碳竹雞";
				INFOPLIST_KEY_UIApplicationSupportsIndirectInputEvents = YES;
				INFOPLIST_KEY_UILaunchStoryboardName = LaunchScreen;
				INFOPLIST_KEY_UIMainStoryboardFile = Main;
				INFOPLIST_KEY_UISupportedInterfaceOrientations = UIInterfaceOrientationPortrait;
				INFOPLIST_KEY_UISupportedInterfaceOrientations_iPad = "UIInterfaceOrientationLandscapeLeft UIInterfaceOrientationLandscapeRight UIInterfaceOrientationPortrait UIInterfaceOrientationPortraitUpsideDown";
				IPHONEOS_DEPLOYMENT_TARGET = 14.0;
				LD_RUNPATH_SEARCH_PATHS = (
					"$(inherited)",
					"@executable_path/Frameworks",
				);
				MARKETING_VERSION = 1.0;
				PRODUCT_BUNDLE_IDENTIFIER = Claud.RecycledChicken;
				PRODUCT_NAME = "$(TARGET_NAME)";
				SUPPORTED_PLATFORMS = "iphoneos iphonesimulator";
				SUPPORTS_MACCATALYST = NO;
				SUPPORTS_MAC_DESIGNED_FOR_IPHONE_IPAD = NO;
				SWIFT_EMIT_LOC_STRINGS = YES;
				SWIFT_VERSION = 5.0;
				TARGETED_DEVICE_FAMILY = 1;
			};
			name = Release;
		};
/* End XCBuildConfiguration section */

/* Begin XCConfigurationList section */
		5926C5752A04086400FAB49D /* Build configuration list for PBXProject "RecycledChicken" */ = {
			isa = XCConfigurationList;
			buildConfigurations = (
				5926C58C2A04086600FAB49D /* Debug */,
				5926C58D2A04086600FAB49D /* Release */,
			);
			defaultConfigurationIsVisible = 0;
			defaultConfigurationName = Release;
		};
		5926C58E2A04086600FAB49D /* Build configuration list for PBXNativeTarget "RecycledChicken" */ = {
			isa = XCConfigurationList;
			buildConfigurations = (
				5926C58F2A04086600FAB49D /* Debug */,
				5926C5902A04086600FAB49D /* Release */,
			);
			defaultConfigurationIsVisible = 0;
			defaultConfigurationName = Release;
		};
/* End XCConfigurationList section */
	};
	rootObject = 5926C5722A04086400FAB49D /* Project object */;
}
