// !$*UTF8*$!
{
	archiveVersion = 1;
	classes = {
	};
	objectVersion = 56;
	objects = {

/* Begin PBXBuildFile section */
		593EA9E22B4D222100D03EF9 /* LoginInfoModel.swift in Sources */ = {isa = PBXBuildFile; fileRef = 593EA9E12B4D222100D03EF9 /* LoginInfoModel.swift */; };
		593EA9E82B4D244100D03EF9 /* cert.cer in Resources */ = {isa = PBXBuildFile; fileRef = 593EA9E42B4D244100D03EF9 /* cert.cer */; };
		593EA9E92B4D244100D03EF9 /* certificate.p12 in Resources */ = {isa = PBXBuildFile; fileRef = 593EA9E52B4D244100D03EF9 /* certificate.p12 */; };
		593EA9EA2B4D244100D03EF9 /* private.key in Resources */ = {isa = PBXBuildFile; fileRef = 593EA9E62B4D244100D03EF9 /* private.key */; };
		593EA9EB2B4D244100D03EF9 /* ca.pem in Resources */ = {isa = PBXBuildFile; fileRef = 593EA9E72B4D244100D03EF9 /* ca.pem */; };
		593EA9ED2B4D246300D03EF9 /* URLSessionManager.swift in Sources */ = {isa = PBXBuildFile; fileRef = 593EA9EC2B4D246300D03EF9 /* URLSessionManager.swift */; };
		593EA9EF2B4D25C700D03EF9 /* Extension.swift in Sources */ = {isa = PBXBuildFile; fileRef = 593EA9EE2B4D25C700D03EF9 /* Extension.swift */; };
		593EA9F32B4D323400D03EF9 /* Common.swift in Sources */ = {isa = PBXBuildFile; fileRef = 593EA9F22B4D323400D03EF9 /* Common.swift */; };
		594051972B4560E900F4ED22 /* CustomButtonStyle.swift in Sources */ = {isa = PBXBuildFile; fileRef = 594051962B4560E900F4ED22 /* CustomButtonStyle.swift */; };
		5964A5B92B440C030004C53D /* RecycledChickenSwiftUIApp.swift in Sources */ = {isa = PBXBuildFile; fileRef = 5964A5B82B440C030004C53D /* RecycledChickenSwiftUIApp.swift */; };
		5964A5BB2B440C030004C53D /* ContentView.swift in Sources */ = {isa = PBXBuildFile; fileRef = 5964A5BA2B440C030004C53D /* ContentView.swift */; };
		5964A5BD2B440C040004C53D /* Assets.xcassets in Resources */ = {isa = PBXBuildFile; fileRef = 5964A5BC2B440C040004C53D /* Assets.xcassets */; };
		5964A5C02B440C040004C53D /* Preview Assets.xcassets in Resources */ = {isa = PBXBuildFile; fileRef = 5964A5BF2B440C040004C53D /* Preview Assets.xcassets */; };
		5964A5CD2B441AC10004C53D /* CustomFont.swift in Sources */ = {isa = PBXBuildFile; fileRef = 5964A5CC2B441AC10004C53D /* CustomFont.swift */; };
		5987ED822B4E67100059C3CE /* CustomTabbar.swift in Sources */ = {isa = PBXBuildFile; fileRef = 5987ED812B4E67100059C3CE /* CustomTabbar.swift */; };
		5987ED852B4E7E300059C3CE /* SignLoginView.swift in Sources */ = {isa = PBXBuildFile; fileRef = 5987ED842B4E7E300059C3CE /* SignLoginView.swift */; };
		5987ED882B4E7F130059C3CE /* MainView.swift in Sources */ = {isa = PBXBuildFile; fileRef = 5987ED872B4E7F130059C3CE /* MainView.swift */; };
		5987ED8B2B4FB2830059C3CE /* HomeView.swift in Sources */ = {isa = PBXBuildFile; fileRef = 5987ED8A2B4FB2830059C3CE /* HomeView.swift */; };
		5987ED8E2B4FC3EE0059C3CE /* PointView.swift in Sources */ = {isa = PBXBuildFile; fileRef = 5987ED8D2B4FC3EE0059C3CE /* PointView.swift */; };
		5987ED912B4FC7E10059C3CE /* StoreMapView.swift in Sources */ = {isa = PBXBuildFile; fileRef = 5987ED902B4FC7E10059C3CE /* StoreMapView.swift */; };
		5987ED942B4FC7F50059C3CE /* TaskView.swift in Sources */ = {isa = PBXBuildFile; fileRef = 5987ED932B4FC7F50059C3CE /* TaskView.swift */; };
		598D35302B47EC0200B4B7CF /* GenJyuuGothic-Normal.ttf in Resources */ = {isa = PBXBuildFile; fileRef = 598D35292B47EC0100B4B7CF /* GenJyuuGothic-Normal.ttf */; };
		598D35312B47EC0200B4B7CF /* GenJyuuGothic-Heavy.ttf in Resources */ = {isa = PBXBuildFile; fileRef = 598D352A2B47EC0100B4B7CF /* GenJyuuGothic-Heavy.ttf */; };
		598D35322B47EC0200B4B7CF /* GenJyuuGothic-Medium.ttf in Resources */ = {isa = PBXBuildFile; fileRef = 598D352B2B47EC0100B4B7CF /* GenJyuuGothic-Medium.ttf */; };
		598D35332B47EC0200B4B7CF /* GenJyuuGothic-Light.ttf in Resources */ = {isa = PBXBuildFile; fileRef = 598D352C2B47EC0200B4B7CF /* GenJyuuGothic-Light.ttf */; };
		598D35342B47EC0200B4B7CF /* GenJyuuGothic-Bold.ttf in Resources */ = {isa = PBXBuildFile; fileRef = 598D352D2B47EC0200B4B7CF /* GenJyuuGothic-Bold.ttf */; };
		598D35352B47EC0200B4B7CF /* GenJyuuGothic-Regular.ttf in Resources */ = {isa = PBXBuildFile; fileRef = 598D352E2B47EC0200B4B7CF /* GenJyuuGothic-Regular.ttf */; };
		598D35362B47EC0200B4B7CF /* GenJyuuGothic-ExtraLight.ttf in Resources */ = {isa = PBXBuildFile; fileRef = 598D352F2B47EC0200B4B7CF /* GenJyuuGothic-ExtraLight.ttf */; };
		598D35382B47EC0A00B4B7CF /* jf-openhuninn-2.0.ttf in Resources */ = {isa = PBXBuildFile; fileRef = 598D35372B47EC0A00B4B7CF /* jf-openhuninn-2.0.ttf */; };
		598D353E2B4BD25100B4B7CF /* LoginView.swift in Sources */ = {isa = PBXBuildFile; fileRef = 598D353D2B4BD25100B4B7CF /* LoginView.swift */; };
		5999C3422B55046C008FF032 /* RecycledLevelView.swift in Sources */ = {isa = PBXBuildFile; fileRef = 5999C3412B55046C008FF032 /* RecycledLevelView.swift */; };
		59D54D5F2B565E6E006C7231 /* CustomCalenderCellView.swift in Sources */ = {isa = PBXBuildFile; fileRef = 59D54D5E2B565E6E006C7231 /* CustomCalenderCellView.swift */; };
		59D54D612B56606C006C7231 /* CustomCalenderView.swift in Sources */ = {isa = PBXBuildFile; fileRef = 59D54D602B56606C006C7231 /* CustomCalenderView.swift */; };
		59D54D632B566440006C7231 /* CustomCalenderScrollView.swift in Sources */ = {isa = PBXBuildFile; fileRef = 59D54D622B566440006C7231 /* CustomCalenderScrollView.swift */; };
/* End PBXBuildFile section */

/* Begin PBXFileReference section */
		593EA9E12B4D222100D03EF9 /* LoginInfoModel.swift */ = {isa = PBXFileReference; lastKnownFileType = sourcecode.swift; path = LoginInfoModel.swift; sourceTree = "<group>"; };
		593EA9E42B4D244100D03EF9 /* cert.cer */ = {isa = PBXFileReference; fileEncoding = 4; lastKnownFileType = text; path = cert.cer; sourceTree = "<group>"; };
		593EA9E52B4D244100D03EF9 /* certificate.p12 */ = {isa = PBXFileReference; lastKnownFileType = file; path = certificate.p12; sourceTree = "<group>"; };
		593EA9E62B4D244100D03EF9 /* private.key */ = {isa = PBXFileReference; fileEncoding = 4; lastKnownFileType = text; path = private.key; sourceTree = "<group>"; };
		593EA9E72B4D244100D03EF9 /* ca.pem */ = {isa = PBXFileReference; fileEncoding = 4; lastKnownFileType = text; path = ca.pem; sourceTree = "<group>"; };
		593EA9EC2B4D246300D03EF9 /* URLSessionManager.swift */ = {isa = PBXFileReference; fileEncoding = 4; lastKnownFileType = sourcecode.swift; path = URLSessionManager.swift; sourceTree = "<group>"; };
		593EA9EE2B4D25C700D03EF9 /* Extension.swift */ = {isa = PBXFileReference; fileEncoding = 4; lastKnownFileType = sourcecode.swift; path = Extension.swift; sourceTree = "<group>"; };
		593EA9F22B4D323400D03EF9 /* Common.swift */ = {isa = PBXFileReference; lastKnownFileType = sourcecode.swift; path = Common.swift; sourceTree = "<group>"; };
		594051962B4560E900F4ED22 /* CustomButtonStyle.swift */ = {isa = PBXFileReference; lastKnownFileType = sourcecode.swift; path = CustomButtonStyle.swift; sourceTree = "<group>"; };
		5964A5B52B440C030004C53D /* RecycledChickenSwiftUI.app */ = {isa = PBXFileReference; explicitFileType = wrapper.application; includeInIndex = 0; path = RecycledChickenSwiftUI.app; sourceTree = BUILT_PRODUCTS_DIR; };
		5964A5B82B440C030004C53D /* RecycledChickenSwiftUIApp.swift */ = {isa = PBXFileReference; lastKnownFileType = sourcecode.swift; path = RecycledChickenSwiftUIApp.swift; sourceTree = "<group>"; };
		5964A5BA2B440C030004C53D /* ContentView.swift */ = {isa = PBXFileReference; lastKnownFileType = sourcecode.swift; path = ContentView.swift; sourceTree = "<group>"; };
		5964A5BC2B440C040004C53D /* Assets.xcassets */ = {isa = PBXFileReference; lastKnownFileType = folder.assetcatalog; path = Assets.xcassets; sourceTree = "<group>"; };
		5964A5BF2B440C040004C53D /* Preview Assets.xcassets */ = {isa = PBXFileReference; lastKnownFileType = folder.assetcatalog; path = "Preview Assets.xcassets"; sourceTree = "<group>"; };
		5964A5CC2B441AC10004C53D /* CustomFont.swift */ = {isa = PBXFileReference; lastKnownFileType = sourcecode.swift; path = CustomFont.swift; sourceTree = "<group>"; };
		5987ED812B4E67100059C3CE /* CustomTabbar.swift */ = {isa = PBXFileReference; lastKnownFileType = sourcecode.swift; path = CustomTabbar.swift; sourceTree = "<group>"; };
		5987ED842B4E7E300059C3CE /* SignLoginView.swift */ = {isa = PBXFileReference; lastKnownFileType = sourcecode.swift; path = SignLoginView.swift; sourceTree = "<group>"; };
		5987ED872B4E7F130059C3CE /* MainView.swift */ = {isa = PBXFileReference; lastKnownFileType = sourcecode.swift; path = MainView.swift; sourceTree = "<group>"; };
		5987ED8A2B4FB2830059C3CE /* HomeView.swift */ = {isa = PBXFileReference; lastKnownFileType = sourcecode.swift; path = HomeView.swift; sourceTree = "<group>"; };
		5987ED8D2B4FC3EE0059C3CE /* PointView.swift */ = {isa = PBXFileReference; lastKnownFileType = sourcecode.swift; path = PointView.swift; sourceTree = "<group>"; };
		5987ED902B4FC7E10059C3CE /* StoreMapView.swift */ = {isa = PBXFileReference; lastKnownFileType = sourcecode.swift; path = StoreMapView.swift; sourceTree = "<group>"; };
		5987ED932B4FC7F50059C3CE /* TaskView.swift */ = {isa = PBXFileReference; lastKnownFileType = sourcecode.swift; path = TaskView.swift; sourceTree = "<group>"; };
		598D35292B47EC0100B4B7CF /* GenJyuuGothic-Normal.ttf */ = {isa = PBXFileReference; lastKnownFileType = file; path = "GenJyuuGothic-Normal.ttf"; sourceTree = "<group>"; };
		598D352A2B47EC0100B4B7CF /* GenJyuuGothic-Heavy.ttf */ = {isa = PBXFileReference; lastKnownFileType = file; path = "GenJyuuGothic-Heavy.ttf"; sourceTree = "<group>"; };
		598D352B2B47EC0100B4B7CF /* GenJyuuGothic-Medium.ttf */ = {isa = PBXFileReference; lastKnownFileType = file; path = "GenJyuuGothic-Medium.ttf"; sourceTree = "<group>"; };
		598D352C2B47EC0200B4B7CF /* GenJyuuGothic-Light.ttf */ = {isa = PBXFileReference; lastKnownFileType = file; path = "GenJyuuGothic-Light.ttf"; sourceTree = "<group>"; };
		598D352D2B47EC0200B4B7CF /* GenJyuuGothic-Bold.ttf */ = {isa = PBXFileReference; lastKnownFileType = file; path = "GenJyuuGothic-Bold.ttf"; sourceTree = "<group>"; };
		598D352E2B47EC0200B4B7CF /* GenJyuuGothic-Regular.ttf */ = {isa = PBXFileReference; lastKnownFileType = file; path = "GenJyuuGothic-Regular.ttf"; sourceTree = "<group>"; };
		598D352F2B47EC0200B4B7CF /* GenJyuuGothic-ExtraLight.ttf */ = {isa = PBXFileReference; lastKnownFileType = file; path = "GenJyuuGothic-ExtraLight.ttf"; sourceTree = "<group>"; };
		598D35372B47EC0A00B4B7CF /* jf-openhuninn-2.0.ttf */ = {isa = PBXFileReference; lastKnownFileType = file; path = "jf-openhuninn-2.0.ttf"; sourceTree = "<group>"; };
		598D35392B47EDF300B4B7CF /* Info.plist */ = {isa = PBXFileReference; lastKnownFileType = text.plist; path = Info.plist; sourceTree = "<group>"; };
		598D353D2B4BD25100B4B7CF /* LoginView.swift */ = {isa = PBXFileReference; lastKnownFileType = sourcecode.swift; path = LoginView.swift; sourceTree = "<group>"; };
		5999C3412B55046C008FF032 /* RecycledLevelView.swift */ = {isa = PBXFileReference; lastKnownFileType = sourcecode.swift; path = RecycledLevelView.swift; sourceTree = "<group>"; };
		59D54D5E2B565E6E006C7231 /* CustomCalenderCellView.swift */ = {isa = PBXFileReference; lastKnownFileType = sourcecode.swift; path = CustomCalenderCellView.swift; sourceTree = "<group>"; };
		59D54D602B56606C006C7231 /* CustomCalenderView.swift */ = {isa = PBXFileReference; lastKnownFileType = sourcecode.swift; path = CustomCalenderView.swift; sourceTree = "<group>"; };
		59D54D622B566440006C7231 /* CustomCalenderScrollView.swift */ = {isa = PBXFileReference; lastKnownFileType = sourcecode.swift; path = CustomCalenderScrollView.swift; sourceTree = "<group>"; };
/* End PBXFileReference section */

/* Begin PBXFrameworksBuildPhase section */
		5964A5B22B440C030004C53D /* Frameworks */ = {
			isa = PBXFrameworksBuildPhase;
			buildActionMask = 2147483647;
			files = (
			);
			runOnlyForDeploymentPostprocessing = 0;
		};
/* End PBXFrameworksBuildPhase section */

/* Begin PBXGroup section */
		593EA9E32B4D241E00D03EF9 /* Certificate */ = {
			isa = PBXGroup;
			children = (
				593EA9E72B4D244100D03EF9 /* ca.pem */,
				593EA9E42B4D244100D03EF9 /* cert.cer */,
				593EA9E52B4D244100D03EF9 /* certificate.p12 */,
				593EA9E62B4D244100D03EF9 /* private.key */,
			);
			path = Certificate;
			sourceTree = "<group>";
		};
		5964A5AC2B440C030004C53D = {
			isa = PBXGroup;
			children = (
				5964A5B72B440C030004C53D /* RecycledChickenSwiftUI */,
				5964A5B62B440C030004C53D /* Products */,
			);
			sourceTree = "<group>";
		};
		5964A5B62B440C030004C53D /* Products */ = {
			isa = PBXGroup;
			children = (
				5964A5B52B440C030004C53D /* RecycledChickenSwiftUI.app */,
			);
			name = Products;
			sourceTree = "<group>";
		};
		5964A5B72B440C030004C53D /* RecycledChickenSwiftUI */ = {
			isa = PBXGroup;
			children = (
				598D35392B47EDF300B4B7CF /* Info.plist */,
				5964A5B82B440C030004C53D /* RecycledChickenSwiftUIApp.swift */,
				5964A5BA2B440C030004C53D /* ContentView.swift */,
				5987ED832B4E7E150059C3CE /* SignLogin */,
				598D353A2B4BCEE600B4B7CF /* Login */,
				593EA9E32B4D241E00D03EF9 /* Certificate */,
				5987ED862B4E7EF80059C3CE /* Main */,
				5987ED8C2B4FC3D60059C3CE /* Point */,
				5987ED892B4FB26E0059C3CE /* Home */,
				5987ED8F2B4FC7C90059C3CE /* StoreMap */,
				5987ED922B4FC7EA0059C3CE /* Task */,
				594051962B4560E900F4ED22 /* CustomButtonStyle.swift */,
				5987ED812B4E67100059C3CE /* CustomTabbar.swift */,
				5964A5CC2B441AC10004C53D /* CustomFont.swift */,
				593EA9EC2B4D246300D03EF9 /* URLSessionManager.swift */,
				593EA9F22B4D323400D03EF9 /* Common.swift */,
				593EA9EE2B4D25C700D03EF9 /* Extension.swift */,
				598D352D2B47EC0200B4B7CF /* GenJyuuGothic-Bold.ttf */,
				598D352F2B47EC0200B4B7CF /* GenJyuuGothic-ExtraLight.ttf */,
				598D352A2B47EC0100B4B7CF /* GenJyuuGothic-Heavy.ttf */,
				598D352C2B47EC0200B4B7CF /* GenJyuuGothic-Light.ttf */,
				598D352B2B47EC0100B4B7CF /* GenJyuuGothic-Medium.ttf */,
				598D35292B47EC0100B4B7CF /* GenJyuuGothic-Normal.ttf */,
				598D352E2B47EC0200B4B7CF /* GenJyuuGothic-Regular.ttf */,
				598D35372B47EC0A00B4B7CF /* jf-openhuninn-2.0.ttf */,
				5964A5BC2B440C040004C53D /* Assets.xcassets */,
				5964A5BE2B440C040004C53D /* Preview Content */,
			);
			path = RecycledChickenSwiftUI;
			sourceTree = "<group>";
		};
		5964A5BE2B440C040004C53D /* Preview Content */ = {
			isa = PBXGroup;
			children = (
				5964A5BF2B440C040004C53D /* Preview Assets.xcassets */,
			);
			path = "Preview Content";
			sourceTree = "<group>";
		};
		5987ED832B4E7E150059C3CE /* SignLogin */ = {
			isa = PBXGroup;
			children = (
				5987ED842B4E7E300059C3CE /* SignLoginView.swift */,
			);
			path = SignLogin;
			sourceTree = "<group>";
		};
		5987ED862B4E7EF80059C3CE /* Main */ = {
			isa = PBXGroup;
			children = (
				5987ED872B4E7F130059C3CE /* MainView.swift */,
			);
			path = Main;
			sourceTree = "<group>";
		};
		5987ED892B4FB26E0059C3CE /* Home */ = {
			isa = PBXGroup;
			children = (
				5987ED8A2B4FB2830059C3CE /* HomeView.swift */,
				5999C3412B55046C008FF032 /* RecycledLevelView.swift */,
				59D54D622B566440006C7231 /* CustomCalenderScrollView.swift */,
				59D54D602B56606C006C7231 /* CustomCalenderView.swift */,
				59D54D5E2B565E6E006C7231 /* CustomCalenderCellView.swift */,
			);
			path = Home;
			sourceTree = "<group>";
		};
		5987ED8C2B4FC3D60059C3CE /* Point */ = {
			isa = PBXGroup;
			children = (
				5987ED8D2B4FC3EE0059C3CE /* PointView.swift */,
			);
			path = Point;
			sourceTree = "<group>";
		};
		5987ED8F2B4FC7C90059C3CE /* StoreMap */ = {
			isa = PBXGroup;
			children = (
				5987ED902B4FC7E10059C3CE /* StoreMapView.swift */,
			);
			path = StoreMap;
			sourceTree = "<group>";
		};
		5987ED922B4FC7EA0059C3CE /* Task */ = {
			isa = PBXGroup;
			children = (
				5987ED932B4FC7F50059C3CE /* TaskView.swift */,
			);
			path = Task;
			sourceTree = "<group>";
		};
		598D353A2B4BCEE600B4B7CF /* Login */ = {
			isa = PBXGroup;
			children = (
				598D353D2B4BD25100B4B7CF /* LoginView.swift */,
				593EA9E12B4D222100D03EF9 /* LoginInfoModel.swift */,
			);
			path = Login;
			sourceTree = "<group>";
		};
/* End PBXGroup section */

/* Begin PBXNativeTarget section */
		5964A5B42B440C030004C53D /* RecycledChickenSwiftUI */ = {
			isa = PBXNativeTarget;
			buildConfigurationList = 5964A5C32B440C040004C53D /* Build configuration list for PBXNativeTarget "RecycledChickenSwiftUI" */;
			buildPhases = (
				5964A5B12B440C030004C53D /* Sources */,
				5964A5B22B440C030004C53D /* Frameworks */,
				5964A5B32B440C030004C53D /* Resources */,
			);
			buildRules = (
			);
			dependencies = (
			);
			name = RecycledChickenSwiftUI;
			productName = RecycledChickenSwiftUI;
			productReference = 5964A5B52B440C030004C53D /* RecycledChickenSwiftUI.app */;
			productType = "com.apple.product-type.application";
		};
/* End PBXNativeTarget section */

/* Begin PBXProject section */
		5964A5AD2B440C030004C53D /* Project object */ = {
			isa = PBXProject;
			attributes = {
				BuildIndependentTargetsInParallel = 1;
				LastSwiftUpdateCheck = 1420;
				LastUpgradeCheck = 1420;
				TargetAttributes = {
					5964A5B42B440C030004C53D = {
						CreatedOnToolsVersion = 14.2;
					};
				};
			};
			buildConfigurationList = 5964A5B02B440C030004C53D /* Build configuration list for PBXProject "RecycledChickenSwiftUI" */;
			compatibilityVersion = "Xcode 14.0";
			developmentRegion = en;
			hasScannedForEncodings = 0;
			knownRegions = (
				en,
				Base,
			);
			mainGroup = 5964A5AC2B440C030004C53D;
			productRefGroup = 5964A5B62B440C030004C53D /* Products */;
			projectDirPath = "";
			projectRoot = "";
			targets = (
				5964A5B42B440C030004C53D /* RecycledChickenSwiftUI */,
			);
		};
/* End PBXProject section */

/* Begin PBXResourcesBuildPhase section */
		5964A5B32B440C030004C53D /* Resources */ = {
			isa = PBXResourcesBuildPhase;
			buildActionMask = 2147483647;
			files = (
				598D35362B47EC0200B4B7CF /* GenJyuuGothic-ExtraLight.ttf in Resources */,
				598D35382B47EC0A00B4B7CF /* jf-openhuninn-2.0.ttf in Resources */,
				598D35302B47EC0200B4B7CF /* GenJyuuGothic-Normal.ttf in Resources */,
				593EA9E82B4D244100D03EF9 /* cert.cer in Resources */,
				593EA9EA2B4D244100D03EF9 /* private.key in Resources */,
				598D35352B47EC0200B4B7CF /* GenJyuuGothic-Regular.ttf in Resources */,
				593EA9EB2B4D244100D03EF9 /* ca.pem in Resources */,
				5964A5C02B440C040004C53D /* Preview Assets.xcassets in Resources */,
				598D35312B47EC0200B4B7CF /* GenJyuuGothic-Heavy.ttf in Resources */,
				593EA9E92B4D244100D03EF9 /* certificate.p12 in Resources */,
				598D35332B47EC0200B4B7CF /* GenJyuuGothic-Light.ttf in Resources */,
				598D35322B47EC0200B4B7CF /* GenJyuuGothic-Medium.ttf in Resources */,
				5964A5BD2B440C040004C53D /* Assets.xcassets in Resources */,
				598D35342B47EC0200B4B7CF /* GenJyuuGothic-Bold.ttf in Resources */,
			);
			runOnlyForDeploymentPostprocessing = 0;
		};
/* End PBXResourcesBuildPhase section */

/* Begin PBXSourcesBuildPhase section */
		5964A5B12B440C030004C53D /* Sources */ = {
			isa = PBXSourcesBuildPhase;
			buildActionMask = 2147483647;
			files = (
				5964A5CD2B441AC10004C53D /* CustomFont.swift in Sources */,
				59D54D612B56606C006C7231 /* CustomCalenderView.swift in Sources */,
				5987ED882B4E7F130059C3CE /* MainView.swift in Sources */,
				5987ED8B2B4FB2830059C3CE /* HomeView.swift in Sources */,
				59D54D5F2B565E6E006C7231 /* CustomCalenderCellView.swift in Sources */,
				5964A5BB2B440C030004C53D /* ContentView.swift in Sources */,
				593EA9ED2B4D246300D03EF9 /* URLSessionManager.swift in Sources */,
				594051972B4560E900F4ED22 /* CustomButtonStyle.swift in Sources */,
				5987ED912B4FC7E10059C3CE /* StoreMapView.swift in Sources */,
				5987ED942B4FC7F50059C3CE /* TaskView.swift in Sources */,
				5999C3422B55046C008FF032 /* RecycledLevelView.swift in Sources */,
				593EA9F32B4D323400D03EF9 /* Common.swift in Sources */,
				5987ED8E2B4FC3EE0059C3CE /* PointView.swift in Sources */,
				5987ED852B4E7E300059C3CE /* SignLoginView.swift in Sources */,
				598D353E2B4BD25100B4B7CF /* LoginView.swift in Sources */,
				5987ED822B4E67100059C3CE /* CustomTabbar.swift in Sources */,
				59D54D632B566440006C7231 /* CustomCalenderScrollView.swift in Sources */,
				5964A5B92B440C030004C53D /* RecycledChickenSwiftUIApp.swift in Sources */,
				593EA9E22B4D222100D03EF9 /* LoginInfoModel.swift in Sources */,
				593EA9EF2B4D25C700D03EF9 /* Extension.swift in Sources */,
			);
			runOnlyForDeploymentPostprocessing = 0;
		};
/* End PBXSourcesBuildPhase section */

/* Begin XCBuildConfiguration section */
		5964A5C12B440C040004C53D /* Debug */ = {
			isa = XCBuildConfiguration;
			buildSettings = {
				ALWAYS_SEARCH_USER_PATHS = NO;
				CLANG_ANALYZER_NONNULL = YES;
				CLANG_ANALYZER_NUMBER_OBJECT_CONVERSION = YES_AGGRESSIVE;
				CLANG_CXX_LANGUAGE_STANDARD = "gnu++20";
				CLANG_ENABLE_MODULES = YES;
				CLANG_ENABLE_OBJC_ARC = YES;
				CLANG_ENABLE_OBJC_WEAK = YES;
				CLANG_WARN_BLOCK_CAPTURE_AUTORELEASING = YES;
				CLANG_WARN_BOOL_CONVERSION = YES;
				CLANG_WARN_COMMA = YES;
				CLANG_WARN_CONSTANT_CONVERSION = YES;
				CLANG_WARN_DEPRECATED_OBJC_IMPLEMENTATIONS = YES;
				CLANG_WARN_DIRECT_OBJC_ISA_USAGE = YES_ERROR;
				CLANG_WARN_DOCUMENTATION_COMMENTS = YES;
				CLANG_WARN_EMPTY_BODY = YES;
				CLANG_WARN_ENUM_CONVERSION = YES;
				CLANG_WARN_INFINITE_RECURSION = YES;
				CLANG_WARN_INT_CONVERSION = YES;
				CLANG_WARN_NON_LITERAL_NULL_CONVERSION = YES;
				CLANG_WARN_OBJC_IMPLICIT_RETAIN_SELF = YES;
				CLANG_WARN_OBJC_LITERAL_CONVERSION = YES;
				CLANG_WARN_OBJC_ROOT_CLASS = YES_ERROR;
				CLANG_WARN_QUOTED_INCLUDE_IN_FRAMEWORK_HEADER = YES;
				CLANG_WARN_RANGE_LOOP_ANALYSIS = YES;
				CLANG_WARN_STRICT_PROTOTYPES = YES;
				CLANG_WARN_SUSPICIOUS_MOVE = YES;
				CLANG_WARN_UNGUARDED_AVAILABILITY = YES_AGGRESSIVE;
				CLANG_WARN_UNREACHABLE_CODE = YES;
				CLANG_WARN__DUPLICATE_METHOD_MATCH = YES;
				COPY_PHASE_STRIP = NO;
				DEBUG_INFORMATION_FORMAT = dwarf;
				ENABLE_STRICT_OBJC_MSGSEND = YES;
				ENABLE_TESTABILITY = YES;
				GCC_C_LANGUAGE_STANDARD = gnu11;
				GCC_DYNAMIC_NO_PIC = NO;
				GCC_NO_COMMON_BLOCKS = YES;
				GCC_OPTIMIZATION_LEVEL = 0;
				GCC_PREPROCESSOR_DEFINITIONS = (
					"DEBUG=1",
					"$(inherited)",
				);
				GCC_WARN_64_TO_32_BIT_CONVERSION = YES;
				GCC_WARN_ABOUT_RETURN_TYPE = YES_ERROR;
				GCC_WARN_UNDECLARED_SELECTOR = YES;
				GCC_WARN_UNINITIALIZED_AUTOS = YES_AGGRESSIVE;
				GCC_WARN_UNUSED_FUNCTION = YES;
				GCC_WARN_UNUSED_VARIABLE = YES;
				IPHONEOS_DEPLOYMENT_TARGET = 16.0;
				MTL_ENABLE_DEBUG_INFO = INCLUDE_SOURCE;
				MTL_FAST_MATH = YES;
				ONLY_ACTIVE_ARCH = YES;
				SDKROOT = iphoneos;
				SWIFT_ACTIVE_COMPILATION_CONDITIONS = DEBUG;
				SWIFT_OPTIMIZATION_LEVEL = "-Onone";
			};
			name = Debug;
		};
		5964A5C22B440C040004C53D /* Release */ = {
			isa = XCBuildConfiguration;
			buildSettings = {
				ALWAYS_SEARCH_USER_PATHS = NO;
				CLANG_ANALYZER_NONNULL = YES;
				CLANG_ANALYZER_NUMBER_OBJECT_CONVERSION = YES_AGGRESSIVE;
				CLANG_CXX_LANGUAGE_STANDARD = "gnu++20";
				CLANG_ENABLE_MODULES = YES;
				CLANG_ENABLE_OBJC_ARC = YES;
				CLANG_ENABLE_OBJC_WEAK = YES;
				CLANG_WARN_BLOCK_CAPTURE_AUTORELEASING = YES;
				CLANG_WARN_BOOL_CONVERSION = YES;
				CLANG_WARN_COMMA = YES;
				CLANG_WARN_CONSTANT_CONVERSION = YES;
				CLANG_WARN_DEPRECATED_OBJC_IMPLEMENTATIONS = YES;
				CLANG_WARN_DIRECT_OBJC_ISA_USAGE = YES_ERROR;
				CLANG_WARN_DOCUMENTATION_COMMENTS = YES;
				CLANG_WARN_EMPTY_BODY = YES;
				CLANG_WARN_ENUM_CONVERSION = YES;
				CLANG_WARN_INFINITE_RECURSION = YES;
				CLANG_WARN_INT_CONVERSION = YES;
				CLANG_WARN_NON_LITERAL_NULL_CONVERSION = YES;
				CLANG_WARN_OBJC_IMPLICIT_RETAIN_SELF = YES;
				CLANG_WARN_OBJC_LITERAL_CONVERSION = YES;
				CLANG_WARN_OBJC_ROOT_CLASS = YES_ERROR;
				CLANG_WARN_QUOTED_INCLUDE_IN_FRAMEWORK_HEADER = YES;
				CLANG_WARN_RANGE_LOOP_ANALYSIS = YES;
				CLANG_WARN_STRICT_PROTOTYPES = YES;
				CLANG_WARN_SUSPICIOUS_MOVE = YES;
				CLANG_WARN_UNGUARDED_AVAILABILITY = YES_AGGRESSIVE;
				CLANG_WARN_UNREACHABLE_CODE = YES;
				CLANG_WARN__DUPLICATE_METHOD_MATCH = YES;
				COPY_PHASE_STRIP = NO;
				DEBUG_INFORMATION_FORMAT = "dwarf-with-dsym";
				ENABLE_NS_ASSERTIONS = NO;
				ENABLE_STRICT_OBJC_MSGSEND = YES;
				GCC_C_LANGUAGE_STANDARD = gnu11;
				GCC_NO_COMMON_BLOCKS = YES;
				GCC_WARN_64_TO_32_BIT_CONVERSION = YES;
				GCC_WARN_ABOUT_RETURN_TYPE = YES_ERROR;
				GCC_WARN_UNDECLARED_SELECTOR = YES;
				GCC_WARN_UNINITIALIZED_AUTOS = YES_AGGRESSIVE;
				GCC_WARN_UNUSED_FUNCTION = YES;
				GCC_WARN_UNUSED_VARIABLE = YES;
				IPHONEOS_DEPLOYMENT_TARGET = 16.0;
				MTL_ENABLE_DEBUG_INFO = NO;
				MTL_FAST_MATH = YES;
				SDKROOT = iphoneos;
				SWIFT_COMPILATION_MODE = wholemodule;
				SWIFT_OPTIMIZATION_LEVEL = "-O";
				VALIDATE_PRODUCT = YES;
			};
			name = Release;
		};
		5964A5C42B440C040004C53D /* Debug */ = {
			isa = XCBuildConfiguration;
			buildSettings = {
				ASSETCATALOG_COMPILER_APPICON_NAME = AppIcon;
				ASSETCATALOG_COMPILER_GLOBAL_ACCENT_COLOR_NAME = AccentColor;
				CODE_SIGN_STYLE = Automatic;
				CURRENT_PROJECT_VERSION = 1;
				DEVELOPMENT_ASSET_PATHS = "\"RecycledChickenSwiftUI/Preview Content\"";
				DEVELOPMENT_TEAM = 884W23P95V;
				ENABLE_PREVIEWS = YES;
				GENERATE_INFOPLIST_FILE = YES;
				INFOPLIST_FILE = RecycledChickenSwiftUI/Info.plist;
				INFOPLIST_KEY_UIApplicationSceneManifest_Generation = YES;
				INFOPLIST_KEY_UIApplicationSupportsIndirectInputEvents = YES;
				INFOPLIST_KEY_UILaunchScreen_Generation = YES;
				INFOPLIST_KEY_UISupportedInterfaceOrientations_iPad = "UIInterfaceOrientationPortrait UIInterfaceOrientationPortraitUpsideDown UIInterfaceOrientationLandscapeLeft UIInterfaceOrientationLandscapeRight";
				INFOPLIST_KEY_UISupportedInterfaceOrientations_iPhone = "UIInterfaceOrientationPortrait UIInterfaceOrientationLandscapeLeft UIInterfaceOrientationLandscapeRight";
				IPHONEOS_DEPLOYMENT_TARGET = 16.0;
				LD_RUNPATH_SEARCH_PATHS = (
					"$(inherited)",
					"@executable_path/Frameworks",
				);
				MARKETING_VERSION = 1.0;
				PRODUCT_BUNDLE_IDENTIFIER = Pratice.RecycledChickenSwiftUI;
				PRODUCT_NAME = "$(TARGET_NAME)";
				SUPPORTED_PLATFORMS = "iphoneos iphonesimulator";
				SUPPORTS_MACCATALYST = NO;
				SUPPORTS_MAC_DESIGNED_FOR_IPHONE_IPAD = NO;
				SWIFT_EMIT_LOC_STRINGS = YES;
				SWIFT_VERSION = 5.0;
				TARGETED_DEVICE_FAMILY = 1;
			};
			name = Debug;
		};
		5964A5C52B440C040004C53D /* Release */ = {
			isa = XCBuildConfiguration;
			buildSettings = {
				ASSETCATALOG_COMPILER_APPICON_NAME = AppIcon;
				ASSETCATALOG_COMPILER_GLOBAL_ACCENT_COLOR_NAME = AccentColor;
				CODE_SIGN_STYLE = Automatic;
				CURRENT_PROJECT_VERSION = 1;
				DEVELOPMENT_ASSET_PATHS = "\"RecycledChickenSwiftUI/Preview Content\"";
				DEVELOPMENT_TEAM = 884W23P95V;
				ENABLE_PREVIEWS = YES;
				GENERATE_INFOPLIST_FILE = YES;
				INFOPLIST_FILE = RecycledChickenSwiftUI/Info.plist;
				INFOPLIST_KEY_UIApplicationSceneManifest_Generation = YES;
				INFOPLIST_KEY_UIApplicationSupportsIndirectInputEvents = YES;
				INFOPLIST_KEY_UILaunchScreen_Generation = YES;
				INFOPLIST_KEY_UISupportedInterfaceOrientations_iPad = "UIInterfaceOrientationPortrait UIInterfaceOrientationPortraitUpsideDown UIInterfaceOrientationLandscapeLeft UIInterfaceOrientationLandscapeRight";
				INFOPLIST_KEY_UISupportedInterfaceOrientations_iPhone = "UIInterfaceOrientationPortrait UIInterfaceOrientationLandscapeLeft UIInterfaceOrientationLandscapeRight";
				IPHONEOS_DEPLOYMENT_TARGET = 16.0;
				LD_RUNPATH_SEARCH_PATHS = (
					"$(inherited)",
					"@executable_path/Frameworks",
				);
				MARKETING_VERSION = 1.0;
				PRODUCT_BUNDLE_IDENTIFIER = Pratice.RecycledChickenSwiftUI;
				PRODUCT_NAME = "$(TARGET_NAME)";
				SUPPORTED_PLATFORMS = "iphoneos iphonesimulator";
				SUPPORTS_MACCATALYST = NO;
				SUPPORTS_MAC_DESIGNED_FOR_IPHONE_IPAD = NO;
				SWIFT_EMIT_LOC_STRINGS = YES;
				SWIFT_VERSION = 5.0;
				TARGETED_DEVICE_FAMILY = 1;
			};
			name = Release;
		};
/* End XCBuildConfiguration section */

/* Begin XCConfigurationList section */
		5964A5B02B440C030004C53D /* Build configuration list for PBXProject "RecycledChickenSwiftUI" */ = {
			isa = XCConfigurationList;
			buildConfigurations = (
				5964A5C12B440C040004C53D /* Debug */,
				5964A5C22B440C040004C53D /* Release */,
			);
			defaultConfigurationIsVisible = 0;
			defaultConfigurationName = Release;
		};
		5964A5C32B440C040004C53D /* Build configuration list for PBXNativeTarget "RecycledChickenSwiftUI" */ = {
			isa = XCConfigurationList;
			buildConfigurations = (
				5964A5C42B440C040004C53D /* Debug */,
				5964A5C52B440C040004C53D /* Release */,
			);
			defaultConfigurationIsVisible = 0;
			defaultConfigurationName = Release;
		};
/* End XCConfigurationList section */
	};
	rootObject = 5964A5AD2B440C030004C53D /* Project object */;
}
